
Microsoft Visual Studio Solution File, Format Version 12.00
# Visual Studio Version 17
VisualStudioVersion = 17.11.35222.181
MinimumVisualStudioVersion = 10.0.40219.1
Project("{FAE04EC0-301F-11D3-BF4B-00C04F79EFBC}") = "Week3ifandswitch", "Week3ifandswitch\Week3ifandswitch.csproj", "{47A88750-692E-4583-92F1-86DE111D6F40}"
EndProject
Project("{FAE04EC0-301F-11D3-BF4B-00C04F79EFBC}") = "OodorEven", "OodorEven\OodorEven.csproj", "{870833A1-DA81-4DE8-8D41-536C9C445A46}"
EndProject
Project("{FAE04EC0-301F-11D3-BF4B-00C04F79EFBC}") = "IfDayOfTheWeek", "IfDayOfTheWeek\IfDayOfTheWeek.csproj", "{2A20E8CD-01BE-4F6B-B8AD-65F2688BC9E9}"
EndProject
Project("{FAE04EC0-301F-11D3-BF4B-00C04F79EFBC}") = "SwitchDayOfWeek", "SwitchDayOfWeek\SwitchDayOfWeek.csproj", "{83832DDD-9BA2-44B3-896D-7FBF00D2D1AF}"
EndProject
Global
	GlobalSection(SolutionConfigurationPlatforms) = preSolution
		Debug|Any CPU = Debug|Any CPU
		Release|Any CPU = Release|Any CPU
	EndGlobalSection
	GlobalSection(ProjectConfigurationPlatforms) = postSolution
		{47A88750-692E-4583-92F1-86DE111D6F40}.Debug|Any CPU.ActiveCfg = Debug|Any CPU
		{47A88750-692E-4583-92F1-86DE111D6F40}.Debug|Any CPU.Build.0 = Debug|Any CPU
		{47A88750-692E-4583-92F1-86DE111D6F40}.Release|Any CPU.ActiveCfg = Release|Any CPU
		{47A88750-692E-4583-92F1-86DE111D6F40}.Release|Any CPU.Build.0 = Release|Any CPU
		{870833A1-DA81-4DE8-8D41-536C9C445A46}.Debug|Any CPU.ActiveCfg = Debug|Any CPU
		{870833A1-DA81-4DE8-8D41-536C9C445A46}.Debug|Any CPU.Build.0 = Debug|Any CPU
		{870833A1-DA81-4DE8-8D41-536C9C445A46}.Release|Any CPU.ActiveCfg = Release|Any CPU
		{870833A1-DA81-4DE8-8D41-536C9C445A46}.Release|Any CPU.Build.0 = Release|Any CPU
		{2A20E8CD-01BE-4F6B-B8AD-65F2688BC9E9}.Debug|Any CPU.ActiveCfg = Debug|Any CPU
		{2A20E8CD-01BE-4F6B-B8AD-65F2688BC9E9}.Debug|Any CPU.Build.0 = Debug|Any CPU
		{2A20E8CD-01BE-4F6B-B8AD-65F2688BC9E9}.Release|Any CPU.ActiveCfg = Release|Any CPU
		{2A20E8CD-01BE-4F6B-B8AD-65F2688BC9E9}.Release|Any CPU.Build.0 = Release|Any CPU
		{83832DDD-9BA2-44B3-896D-7FBF00D2D1AF}.Debug|Any CPU.ActiveCfg = Debug|Any CPU
		{83832DDD-9BA2-44B3-896D-7FBF00D2D1AF}.Debug|Any CPU.Build.0 = Debug|Any CPU
		{83832DDD-9BA2-44B3-896D-7FBF00D2D1AF}.Release|Any CPU.ActiveCfg = Release|Any CPU
		{83832DDD-9BA2-44B3-896D-7FBF00D2D1AF}.Release|Any CPU.Build.0 = Release|Any CPU
	EndGlobalSection
	GlobalSection(SolutionProperties) = preSolution
		HideSolutionNode = FALSE
	EndGlobalSection
	GlobalSection(ExtensibilityGlobals) = postSolution
		SolutionGuid = {350162DA-BFA0-47BA-813A-5B24D5764D31}
	EndGlobalSection
EndGlobal
